// !$*UTF8*$!
{
	archiveVersion = 1;
	classes = {
	};
	objectVersion = 50;
	objects = {

/* Begin PBXBuildFile section */
		8F0237982423BA5300C3A12A /* AppDelegate.swift in Sources */ = {isa = PBXBuildFile; fileRef = 8F0237972423BA5300C3A12A /* AppDelegate.swift */; };
		8F02379A2423BA5300C3A12A /* SceneDelegate.swift in Sources */ = {isa = PBXBuildFile; fileRef = 8F0237992423BA5300C3A12A /* SceneDelegate.swift */; };
		8F02379C2423BA5300C3A12A /* ViewController.swift in Sources */ = {isa = PBXBuildFile; fileRef = 8F02379B2423BA5300C3A12A /* ViewController.swift */; };
		8F02379F2423BA5400C3A12A /* Main.storyboard in Resources */ = {isa = PBXBuildFile; fileRef = 8F02379D2423BA5400C3A12A /* Main.storyboard */; };
		8F0237A22423BA5400C3A12A /* KMMemo.xcdatamodeld in Sources */ = {isa = PBXBuildFile; fileRef = 8F0237A02423BA5400C3A12A /* KMMemo.xcdatamodeld */; };
		8F0237A42423BA5500C3A12A /* Assets.xcassets in Resources */ = {isa = PBXBuildFile; fileRef = 8F0237A32423BA5500C3A12A /* Assets.xcassets */; };
		8F0237A72423BA5500C3A12A /* LaunchScreen.storyboard in Resources */ = {isa = PBXBuildFile; fileRef = 8F0237A52423BA5500C3A12A /* LaunchScreen.storyboard */; };
/* End PBXBuildFile section */

/* Begin PBXFileReference section */
		8F0237942423BA5300C3A12A /* KMMemo.app */ = {isa = PBXFileReference; explicitFileType = wrapper.application; includeInIndex = 0; path = KMMemo.app; sourceTree = BUILT_PRODUCTS_DIR; };
		8F0237972423BA5300C3A12A /* AppDelegate.swift */ = {isa = PBXFileReference; lastKnownFileType = sourcecode.swift; path = AppDelegate.swift; sourceTree = "<group>"; };
		8F0237992423BA5300C3A12A /* SceneDelegate.swift */ = {isa = PBXFileReference; lastKnownFileType = sourcecode.swift; path = SceneDelegate.swift; sourceTree = "<group>"; };
		8F02379B2423BA5300C3A12A /* ViewController.swift */ = {isa = PBXFileReference; lastKnownFileType = sourcecode.swift; path = ViewController.swift; sourceTree = "<group>"; };
		8F02379E2423BA5400C3A12A /* Base */ = {isa = PBXFileReference; lastKnownFileType = file.storyboard; name = Base; path = Base.lproj/Main.storyboard; sourceTree = "<group>"; };
		8F0237A12423BA5400C3A12A /* KMMemo.xcdatamodel */ = {isa = PBXFileReference; lastKnownFileType = wrapper.xcdatamodel; path = KMMemo.xcdatamodel; sourceTree = "<group>"; };
		8F0237A32423BA5500C3A12A /* Assets.xcassets */ = {isa = PBXFileReference; lastKnownFileType = folder.assetcatalog; path = Assets.xcassets; sourceTree = "<group>"; };
		8F0237A62423BA5500C3A12A /* Base */ = {isa = PBXFileReference; lastKnownFileType = file.storyboard; name = Base; path = Base.lproj/LaunchScreen.storyboard; sourceTree = "<group>"; };
		8F0237A82423BA5500C3A12A /* Info.plist */ = {isa = PBXFileReference; lastKnownFileType = text.plist.xml; path = Info.plist; sourceTree = "<group>"; };
/* End PBXFileReference section */

/* Begin PBXFrameworksBuildPhase section */
		8F0237912423BA5300C3A12A /* Frameworks */ = {
			isa = PBXFrameworksBuildPhase;
			buildActionMask = 2147483647;
			files = (
			);
			runOnlyForDeploymentPostprocessing = 0;
		};
/* End PBXFrameworksBuildPhase section */

/* Begin PBXGroup section */
		8F02378B2423BA5300C3A12A = {
			isa = PBXGroup;
			children = (
				8F0237962423BA5300C3A12A /* KMMemo */,
				8F0237952423BA5300C3A12A /* Products */,
			);
			sourceTree = "<group>";
		};
		8F0237952423BA5300C3A12A /* Products */ = {
			isa = PBXGroup;
			children = (
				8F0237942423BA5300C3A12A /* KMMemo.app */,
			);
			name = Products;
			sourceTree = "<group>";
		};
		8F0237962423BA5300C3A12A /* KMMemo */ = {
			isa = PBXGroup;
			children = (
				8F0237972423BA5300C3A12A /* AppDelegate.swift */,
				8F0237992423BA5300C3A12A /* SceneDelegate.swift */,
				8F02379B2423BA5300C3A12A /* ViewController.swift */,
				8F02379D2423BA5400C3A12A /* Main.storyboard */,
				8F0237A32423BA5500C3A12A /* Assets.xcassets */,
				8F0237A52423BA5500C3A12A /* LaunchScreen.storyboard */,
				8F0237A82423BA5500C3A12A /* Info.plist */,
				8F0237A02423BA5400C3A12A /* KMMemo.xcdatamodeld */,
			);
			path = KMMemo;
			sourceTree = "<group>";
		};
/* End PBXGroup section */

/* Begin PBXNativeTarget section */
		8F0237932423BA5300C3A12A /* KMMemo */ = {
			isa = PBXNativeTarget;
			buildConfigurationList = 8F0237AB2423BA5500C3A12A /* Build configuration list for PBXNativeTarget "KMMemo" */;
			buildPhases = (
				8F0237902423BA5300C3A12A /* Sources */,
				8F0237912423BA5300C3A12A /* Frameworks */,
				8F0237922423BA5300C3A12A /* Resources */,
			);
			buildRules = (
			);
			dependencies = (
			);
			name = KMMemo;
			productName = KMMemo;
			productReference = 8F0237942423BA5300C3A12A /* KMMemo.app */;
			productType = "com.apple.product-type.application";
		};
/* End PBXNativeTarget section */

/* Begin PBXProject section */
		8F02378C2423BA5300C3A12A /* Project object */ = {
			isa = PBXProject;
			attributes = {
				LastSwiftUpdateCheck = 1130;
				LastUpgradeCheck = 1130;
				ORGANIZATIONNAME = 60067669;
				TargetAttributes = {
					8F0237932423BA5300C3A12A = {
						CreatedOnToolsVersion = 11.3.1;
					};
				};
			};
			buildConfigurationList = 8F02378F2423BA5300C3A12A /* Build configuration list for PBXProject "KMMemo" */;
			compatibilityVersion = "Xcode 9.3";
			developmentRegion = en;
			hasScannedForEncodings = 0;
			knownRegions = (
				en,
				Base,
			);
			mainGroup = 8F02378B2423BA5300C3A12A;
			productRefGroup = 8F0237952423BA5300C3A12A /* Products */;
			projectDirPath = "";
			projectRoot = "";
			targets = (
				8F0237932423BA5300C3A12A /* KMMemo */,
			);
		};
/* End PBXProject section */

/* Begin PBXResourcesBuildPhase section */
		8F0237922423BA5300C3A12A /* Resources */ = {
			isa = PBXResourcesBuildPhase;
			buildActionMask = 2147483647;
			files = (
				8F0237A72423BA5500C3A12A /* LaunchScreen.storyboard in Resources */,
				8F0237A42423BA5500C3A12A /* Assets.xcassets in Resources */,
				8F02379F2423BA5400C3A12A /* Main.storyboard in Resources */,
			);
			runOnlyForDeploymentPostprocessing = 0;
		};
/* End PBXResourcesBuildPhase section */

/* Begin PBXSourcesBuildPhase section */
		8F0237902423BA5300C3A12A /* Sources */ = {
			isa = PBXSourcesBuildPhase;
			buildActionMask = 2147483647;
			files = (
				8F02379C2423BA5300C3A12A /* ViewController.swift in Sources */,
				8F0237A22423BA5400C3A12A /* KMMemo.xcdatamodeld in Sources */,
				8F0237982423BA5300C3A12A /* AppDelegate.swift in Sources */,
				8F02379A2423BA5300C3A12A /* SceneDelegate.swift in Sources */,
			);
			runOnlyForDeploymentPostprocessing = 0;
		};
/* End PBXSourcesBuildPhase section */

/* Begin PBXVariantGroup section */
		8F02379D2423BA5400C3A12A /* Main.storyboard */ = {
			isa = PBXVariantGroup;
			children = (
				8F02379E2423BA5400C3A12A /* Base */,
			);
			name = Main.storyboard;
			sourceTree = "<group>";
		};
		8F0237A52423BA5500C3A12A /* LaunchScreen.storyboard */ = {
			isa = PBXVariantGroup;
			children = (
				8F0237A62423BA5500C3A12A /* Base */,
			);
			name = LaunchScreen.storyboard;
			sourceTree = "<group>";
		};
/* End PBXVariantGroup section */

/* Begin XCBuildConfiguration section */
		8F0237A92423BA5500C3A12A /* Debug */ = {
			isa = XCBuildConfiguration;
			buildSettings = {
				ALWAYS_SEARCH_USER_PATHS = NO;
				CLANG_ANALYZER_NONNULL = YES;
				CLANG_ANALYZER_NUMBER_OBJECT_CONVERSION = YES_AGGRESSIVE;
				CLANG_CXX_LANGUAGE_STANDARD = "gnu++14";
				CLANG_CXX_LIBRARY = "libc++";
				CLANG_ENABLE_MODULES = YES;
				CLANG_ENABLE_OBJC_ARC = YES;
				CLANG_ENABLE_OBJC_WEAK = YES;
				CLANG_WARN_BLOCK_CAPTURE_AUTORELEASING = YES;
				CLANG_WARN_BOOL_CONVERSION = YES;
				CLANG_WARN_COMMA = YES;
				CLANG_WARN_CONSTANT_CONVERSION = YES;
				CLANG_WARN_DEPRECATED_OBJC_IMPLEMENTATIONS = YES;
				CLANG_WARN_DIRECT_OBJC_ISA_USAGE = YES_ERROR;
				CLANG_WARN_DOCUMENTATION_COMMENTS = YES;
				CLANG_WARN_EMPTY_BODY = YES;
				CLANG_WARN_ENUM_CONVERSION = YES;
				CLANG_WARN_INFINITE_RECURSION = YES;
				CLANG_WARN_INT_CONVERSION = YES;
				CLANG_WARN_NON_LITERAL_NULL_CONVERSION = YES;
				CLANG_WARN_OBJC_IMPLICIT_RETAIN_SELF = YES;
				CLANG_WARN_OBJC_LITERAL_CONVERSION = YES;
				CLANG_WARN_OBJC_ROOT_CLASS = YES_ERROR;
				CLANG_WARN_RANGE_LOOP_ANALYSIS = YES;
				CLANG_WARN_STRICT_PROTOTYPES = YES;
				CLANG_WARN_SUSPICIOUS_MOVE = YES;
				CLANG_WARN_UNGUARDED_AVAILABILITY = YES_AGGRESSIVE;
				CLANG_WARN_UNREACHABLE_CODE = YES;
				CLANG_WARN__DUPLICATE_METHOD_MATCH = YES;
				COPY_PHASE_STRIP = NO;
				DEBUG_INFORMATION_FORMAT = dwarf;
				ENABLE_STRICT_OBJC_MSGSEND = YES;
				ENABLE_TESTABILITY = YES;
				GCC_C_LANGUAGE_STANDARD = gnu11;
				GCC_DYNAMIC_NO_PIC = NO;
				GCC_NO_COMMON_BLOCKS = YES;
				GCC_OPTIMIZATION_LEVEL = 0;
				GCC_PREPROCESSOR_DEFINITIONS = (
					"DEBUG=1",
					"$(inherited)",
				);
				GCC_WARN_64_TO_32_BIT_CONVERSION = YES;
				GCC_WARN_ABOUT_RETURN_TYPE = YES_ERROR;
				GCC_WARN_UNDECLARED_SELECTOR = YES;
				GCC_WARN_UNINITIALIZED_AUTOS = YES_AGGRESSIVE;
				GCC_WARN_UNUSED_FUNCTION = YES;
				GCC_WARN_UNUSED_VARIABLE = YES;
				IPHONEOS_DEPLOYMENT_TARGET = 13.2;
				MTL_ENABLE_DEBUG_INFO = INCLUDE_SOURCE;
				MTL_FAST_MATH = YES;
				ONLY_ACTIVE_ARCH = YES;
				SDKROOT = iphoneos;
				SWIFT_ACTIVE_COMPILATION_CONDITIONS = DEBUG;
				SWIFT_OPTIMIZATION_LEVEL = "-Onone";
			};
			name = Debug;
		};
		8F0237AA2423BA5500C3A12A /* Release */ = {
			isa = XCBuildConfiguration;
			buildSettings = {
				ALWAYS_SEARCH_USER_PATHS = NO;
				CLANG_ANALYZER_NONNULL = YES;
				CLANG_ANALYZER_NUMBER_OBJECT_CONVERSION = YES_AGGRESSIVE;
				CLANG_CXX_LANGUAGE_STANDARD = "gnu++14";
				CLANG_CXX_LIBRARY = "libc++";
				CLANG_ENABLE_MODULES = YES;
				CLANG_ENABLE_OBJC_ARC = YES;
				CLANG_ENABLE_OBJC_WEAK = YES;
				CLANG_WARN_BLOCK_CAPTURE_AUTORELEASING = YES;
				CLANG_WARN_BOOL_CONVERSION = YES;
				CLANG_WARN_COMMA = YES;
				CLANG_WARN_CONSTANT_CONVERSION = YES;
				CLANG_WARN_DEPRECATED_OBJC_IMPLEMENTATIONS = YES;
				CLANG_WARN_DIRECT_OBJC_ISA_USAGE = YES_ERROR;
				CLANG_WARN_DOCUMENTATION_COMMENTS = YES;
				CLANG_WARN_EMPTY_BODY = YES;
				CLANG_WARN_ENUM_CONVERSION = YES;
				CLANG_WARN_INFINITE_RECURSION = YES;
				CLANG_WARN_INT_CONVERSION = YES;
				CLANG_WARN_NON_LITERAL_NULL_CONVERSION = YES;
				CLANG_WARN_OBJC_IMPLICIT_RETAIN_SELF = YES;
				CLANG_WARN_OBJC_LITERAL_CONVERSION = YES;
				CLANG_WARN_OBJC_ROOT_CLASS = YES_ERROR;
				CLANG_WARN_RANGE_LOOP_ANALYSIS = YES;
				CLANG_WARN_STRICT_PROTOTYPES = YES;
				CLANG_WARN_SUSPICIOUS_MOVE = YES;
				CLANG_WARN_UNGUARDED_AVAILABILITY = YES_AGGRESSIVE;
				CLANG_WARN_UNREACHABLE_CODE = YES;
				CLANG_WARN__DUPLICATE_METHOD_MATCH = YES;
				COPY_PHASE_STRIP = NO;
				DEBUG_INFORMATION_FORMAT = "dwarf-with-dsym";
				ENABLE_NS_ASSERTIONS = NO;
				ENABLE_STRICT_OBJC_MSGSEND = YES;
				GCC_C_LANGUAGE_STANDARD = gnu11;
				GCC_NO_COMMON_BLOCKS = YES;
				GCC_WARN_64_TO_32_BIT_CONVERSION = YES;
				GCC_WARN_ABOUT_RETURN_TYPE = YES_ERROR;
				GCC_WARN_UNDECLARED_SELECTOR = YES;
				GCC_WARN_UNINITIALIZED_AUTOS = YES_AGGRESSIVE;
				GCC_WARN_UNUSED_FUNCTION = YES;
				GCC_WARN_UNUSED_VARIABLE = YES;
				IPHONEOS_DEPLOYMENT_TARGET = 13.2;
				MTL_ENABLE_DEBUG_INFO = NO;
				MTL_FAST_MATH = YES;
				SDKROOT = iphoneos;
				SWIFT_COMPILATION_MODE = wholemodule;
				SWIFT_OPTIMIZATION_LEVEL = "-O";
				VALIDATE_PRODUCT = YES;
			};
			name = Release;
		};
		8F0237AC2423BA5500C3A12A /* Debug */ = {
			isa = XCBuildConfiguration;
			buildSettings = {
				ASSETCATALOG_COMPILER_APPICON_NAME = AppIcon;
				CODE_SIGN_STYLE = Automatic;
				DEVELOPMENT_TEAM = 8N6Z88ML25;
				INFOPLIST_FILE = KMMemo/Info.plist;
				LD_RUNPATH_SEARCH_PATHS = (
					"$(inherited)",
					"@executable_path/Frameworks",
				);
				PRODUCT_BUNDLE_IDENTIFIER = com.shinhan.KMMemo;
				PRODUCT_NAME = "$(TARGET_NAME)";
				SWIFT_VERSION = 5.0;
				TARGETED_DEVICE_FAMILY = "1,2";
			};
			name = Debug;
		};
		8F0237AD2423BA5500C3A12A /* Release */ = {
			isa = XCBuildConfiguration;
			buildSettings = {
				ASSETCATALOG_COMPILER_APPICON_NAME = AppIcon;
				CODE_SIGN_STYLE = Automatic;
				DEVELOPMENT_TEAM = 8N6Z88ML25;
				INFOPLIST_FILE = KMMemo/Info.plist;
				LD_RUNPATH_SEARCH_PATHS = (
					"$(inherited)",
					"@executable_path/Frameworks",
				);
				PRODUCT_BUNDLE_IDENTIFIER = com.shinhan.KMMemo;
				PRODUCT_NAME = "$(TARGET_NAME)";
				SWIFT_VERSION = 5.0;
				TARGETED_DEVICE_FAMILY = "1,2";
			};
			name = Release;
		};
/* End XCBuildConfiguration section */

/* Begin XCConfigurationList section */
		8F02378F2423BA5300C3A12A /* Build configuration list for PBXProject "KMMemo" */ = {
			isa = XCConfigurationList;
			buildConfigurations = (
				8F0237A92423BA5500C3A12A /* Debug */,
				8F0237AA2423BA5500C3A12A /* Release */,
			);
			defaultConfigurationIsVisible = 0;
			defaultConfigurationName = Release;
		};
		8F0237AB2423BA5500C3A12A /* Build configuration list for PBXNativeTarget "KMMemo" */ = {
			isa = XCConfigurationList;
			buildConfigurations = (
				8F0237AC2423BA5500C3A12A /* Debug */,
				8F0237AD2423BA5500C3A12A /* Release */,
			);
			defaultConfigurationIsVisible = 0;
			defaultConfigurationName = Release;
		};
/* End XCConfigurationList section */

/* Begin XCVersionGroup section */
		8F0237A02423BA5400C3A12A /* KMMemo.xcdatamodeld */ = {
			isa = XCVersionGroup;
			children = (
				8F0237A12423BA5400C3A12A /* KMMemo.xcdatamodel */,
			);
			currentVersion = 8F0237A12423BA5400C3A12A /* KMMemo.xcdatamodel */;
			path = KMMemo.xcdatamodeld;
			sourceTree = "<group>";
			versionGroupType = wrapper.xcdatamodel;
		};
/* End XCVersionGroup section */
	};
	rootObject = 8F02378C2423BA5300C3A12A /* Project object */;
}
